
Microsoft Visual Studio Solution File, Format Version 12.00
# Visual Studio 14
VisualStudioVersion = 14.0.25123.0
MinimumVisualStudioVersion = 10.0.40219.1
Project("{FAE04EC0-301F-11D3-BF4B-00C04F79EFBC}") = "WpfApplication1", "WpfApplication1\WpfApplication1.csproj", "{10B60B22-3F18-46AF-91DA-53DBD8B02C6E}"
EndProject
Project("{FAE04EC0-301F-11D3-BF4B-00C04F79EFBC}") = "WpfApplication2", "WpfApplication2\WpfApplication2.csproj", "{EEA9EAEB-CB3C-4D5A-8AEF-27E7E57DEE2B}"
EndProject
Project("{FAE04EC0-301F-11D3-BF4B-00C04F79EFBC}") = "SharedLibrary", "SharedLibrary\SharedLibrary.csproj", "{FA01998E-D767-4C49-B377-693E75785BF4}"
EndProject
Project("{FAE04EC0-301F-11D3-BF4B-00C04F79EFBC}") = "WebApplication1", "WebApplication1\WebApplication1.csproj", "{038E4C50-F798-4767-BE75-8FABD6CB102C}"
EndProject
Global
	GlobalSection(SolutionConfigurationPlatforms) = preSolution
		Debug|Any CPU = Debug|Any CPU
		Release|Any CPU = Release|Any CPU
	EndGlobalSection
	GlobalSection(ProjectConfigurationPlatforms) = postSolution
		{10B60B22-3F18-46AF-91DA-53DBD8B02C6E}.Debug|Any CPU.ActiveCfg = Debug|Any CPU
		{10B60B22-3F18-46AF-91DA-53DBD8B02C6E}.Debug|Any CPU.Build.0 = Debug|Any CPU
		{10B60B22-3F18-46AF-91DA-53DBD8B02C6E}.Release|Any CPU.ActiveCfg = Release|Any CPU
		{10B60B22-3F18-46AF-91DA-53DBD8B02C6E}.Release|Any CPU.Build.0 = Release|Any CPU
		{EEA9EAEB-CB3C-4D5A-8AEF-27E7E57DEE2B}.Debug|Any CPU.ActiveCfg = Debug|Any CPU
		{EEA9EAEB-CB3C-4D5A-8AEF-27E7E57DEE2B}.Debug|Any CPU.Build.0 = Debug|Any CPU
		{EEA9EAEB-CB3C-4D5A-8AEF-27E7E57DEE2B}.Release|Any CPU.ActiveCfg = Release|Any CPU
		{EEA9EAEB-CB3C-4D5A-8AEF-27E7E57DEE2B}.Release|Any CPU.Build.0 = Release|Any CPU
		{FA01998E-D767-4C49-B377-693E75785BF4}.Debug|Any CPU.ActiveCfg = Debug|Any CPU
		{FA01998E-D767-4C49-B377-693E75785BF4}.Debug|Any CPU.Build.0 = Debug|Any CPU
		{FA01998E-D767-4C49-B377-693E75785BF4}.Release|Any CPU.ActiveCfg = Release|Any CPU
		{FA01998E-D767-4C49-B377-693E75785BF4}.Release|Any CPU.Build.0 = Release|Any CPU
		{038E4C50-F798-4767-BE75-8FABD6CB102C}.Debug|Any CPU.ActiveCfg = Debug|Any CPU
		{038E4C50-F798-4767-BE75-8FABD6CB102C}.Debug|Any CPU.Build.0 = Debug|Any CPU
		{038E4C50-F798-4767-BE75-8FABD6CB102C}.Release|Any CPU.ActiveCfg = Release|Any CPU
		{038E4C50-F798-4767-BE75-8FABD6CB102C}.Release|Any CPU.Build.0 = Release|Any CPU
	EndGlobalSection
	GlobalSection(SolutionProperties) = preSolution
		HideSolutionNode = FALSE
	EndGlobalSection
EndGlobal
