
Microsoft Visual Studio Solution File, Format Version 12.00
# Visual Studio Version 16
VisualStudioVersion = 16.0.29920.165
MinimumVisualStudioVersion = 10.0.40219.1
Project("{FAE04EC0-301F-11D3-BF4B-00C04F79EFBC}") = "SqlMSI", "SqlMSI\SqlMSI.csproj", "{8260B080-B345-4AE9-88A4-8CFCB97A670C}"
EndProject
Global
	GlobalSection(SolutionConfigurationPlatforms) = preSolution
		Debug|Any CPU = Debug|Any CPU
		Release|Any CPU = Release|Any CPU
	EndGlobalSection
	GlobalSection(ProjectConfigurationPlatforms) = postSolution
		{8260B080-B345-4AE9-88A4-8CFCB97A670C}.Debug|Any CPU.ActiveCfg = Debug|Any CPU
		{8260B080-B345-4AE9-88A4-8CFCB97A670C}.Debug|Any CPU.Build.0 = Debug|Any CPU
		{8260B080-B345-4AE9-88A4-8CFCB97A670C}.Release|Any CPU.ActiveCfg = Release|Any CPU
		{8260B080-B345-4AE9-88A4-8CFCB97A670C}.Release|Any CPU.Build.0 = Release|Any CPU
	EndGlobalSection
	GlobalSection(SolutionProperties) = preSolution
		HideSolutionNode = FALSE
	EndGlobalSection
	GlobalSection(ExtensibilityGlobals) = postSolution
		SolutionGuid = {7E4672F0-6CDC-43A3-9299-ACF14B0D5D84}
	EndGlobalSection
EndGlobal
