
Microsoft Visual Studio Solution File, Format Version 12.00
# Visual Studio Version 16
VisualStudioVersion = 16.0.29209.62
MinimumVisualStudioVersion = 10.0.40219.1
Project("{9A19103F-16F7-4668-BE54-9A1E7A4F7556}") = "RoleBasedAuth", "RoleBasedAuth\RoleBasedAuth.csproj", "{87045C0B-0C15-4572-A791-FD4E84358E93}"
EndProject
Project("{FAE04EC0-301F-11D3-BF4B-00C04F79EFBC}") = "FunctionApp1", "FunctionApp1\FunctionApp1.csproj", "{58AC7FB3-CDAF-45F3-8060-D1E91BD46B22}"
EndProject
Global
	GlobalSection(SolutionConfigurationPlatforms) = preSolution
		Debug|Any CPU = Debug|Any CPU
		Release|Any CPU = Release|Any CPU
	EndGlobalSection
	GlobalSection(ProjectConfigurationPlatforms) = postSolution
		{87045C0B-0C15-4572-A791-FD4E84358E93}.Debug|Any CPU.ActiveCfg = Debug|Any CPU
		{87045C0B-0C15-4572-A791-FD4E84358E93}.Debug|Any CPU.Build.0 = Debug|Any CPU
		{87045C0B-0C15-4572-A791-FD4E84358E93}.Release|Any CPU.ActiveCfg = Release|Any CPU
		{87045C0B-0C15-4572-A791-FD4E84358E93}.Release|Any CPU.Build.0 = Release|Any CPU
		{58AC7FB3-CDAF-45F3-8060-D1E91BD46B22}.Debug|Any CPU.ActiveCfg = Debug|Any CPU
		{58AC7FB3-CDAF-45F3-8060-D1E91BD46B22}.Debug|Any CPU.Build.0 = Debug|Any CPU
		{58AC7FB3-CDAF-45F3-8060-D1E91BD46B22}.Release|Any CPU.ActiveCfg = Release|Any CPU
		{58AC7FB3-CDAF-45F3-8060-D1E91BD46B22}.Release|Any CPU.Build.0 = Release|Any CPU
	EndGlobalSection
	GlobalSection(SolutionProperties) = preSolution
		HideSolutionNode = FALSE
	EndGlobalSection
	GlobalSection(ExtensibilityGlobals) = postSolution
		SolutionGuid = {6C1AC964-EC92-4E05-B26E-C9C4F9164BE3}
	EndGlobalSection
EndGlobal
