
Microsoft Visual Studio Solution File, Format Version 12.00
# Visual Studio 2013
VisualStudioVersion = 12.0.30723.0
MinimumVisualStudioVersion = 10.0.40219.1
Project("{FAE04EC0-301F-11D3-BF4B-00C04F79EFBC}") = "MyApi", "MyApi\MyApi.csproj", "{4A2E6454-D175-4F9E-9295-55D6B5EA074C}"
EndProject
Project("{E24C65DC-7377-472B-9ABA-BC803B73C61A}") = "MyClient", "http://localhost:60699", "{EBEAA46C-3CE2-48D3-A160-A23C8EE30CC1}"
	ProjectSection(WebsiteProperties) = preProject
		UseIISExpress = "true"
		TargetFrameworkMoniker = ".NETFramework,Version%3Dv4.0"
		Debug.AspNetCompiler.VirtualPath = "/localhost_60699"
		Debug.AspNetCompiler.PhysicalPath = "MyClient\"
		Debug.AspNetCompiler.TargetPath = "PrecompiledWeb\localhost_60699\"
		Debug.AspNetCompiler.Updateable = "true"
		Debug.AspNetCompiler.ForceOverwrite = "true"
		Debug.AspNetCompiler.FixedNames = "false"
		Debug.AspNetCompiler.Debug = "True"
		Release.AspNetCompiler.VirtualPath = "/localhost_60699"
		Release.AspNetCompiler.PhysicalPath = "MyClient\"
		Release.AspNetCompiler.TargetPath = "PrecompiledWeb\localhost_60699\"
		Release.AspNetCompiler.Updateable = "true"
		Release.AspNetCompiler.ForceOverwrite = "true"
		Release.AspNetCompiler.FixedNames = "false"
		Release.AspNetCompiler.Debug = "False"
		SlnRelativePath = "MyClient\"
	EndProjectSection
EndProject
Project("{2150E333-8FDC-42A3-9474-1A3956D46DE8}") = ".nuget", ".nuget", "{E44C6333-79A6-49A2-BC78-C9F8FA0340C8}"
	ProjectSection(SolutionItems) = preProject
		.nuget\NuGet.Config = .nuget\NuGet.Config
		.nuget\NuGet.exe = .nuget\NuGet.exe
		.nuget\NuGet.targets = .nuget\NuGet.targets
	EndProjectSection
EndProject
Global
	GlobalSection(SolutionConfigurationPlatforms) = preSolution
		Debug|Any CPU = Debug|Any CPU
		Release|Any CPU = Release|Any CPU
	EndGlobalSection
	GlobalSection(ProjectConfigurationPlatforms) = postSolution
		{4A2E6454-D175-4F9E-9295-55D6B5EA074C}.Debug|Any CPU.ActiveCfg = Debug|Any CPU
		{4A2E6454-D175-4F9E-9295-55D6B5EA074C}.Debug|Any CPU.Build.0 = Debug|Any CPU
		{4A2E6454-D175-4F9E-9295-55D6B5EA074C}.Release|Any CPU.ActiveCfg = Release|Any CPU
		{4A2E6454-D175-4F9E-9295-55D6B5EA074C}.Release|Any CPU.Build.0 = Release|Any CPU
		{EBEAA46C-3CE2-48D3-A160-A23C8EE30CC1}.Debug|Any CPU.ActiveCfg = Debug|Any CPU
		{EBEAA46C-3CE2-48D3-A160-A23C8EE30CC1}.Debug|Any CPU.Build.0 = Debug|Any CPU
		{EBEAA46C-3CE2-48D3-A160-A23C8EE30CC1}.Release|Any CPU.ActiveCfg = Debug|Any CPU
		{EBEAA46C-3CE2-48D3-A160-A23C8EE30CC1}.Release|Any CPU.Build.0 = Debug|Any CPU
	EndGlobalSection
	GlobalSection(SolutionProperties) = preSolution
		HideSolutionNode = FALSE
	EndGlobalSection
EndGlobal
