
Microsoft Visual Studio Solution File, Format Version 12.00
# Visual Studio Version 16
VisualStudioVersion = 16.0.30907.101
MinimumVisualStudioVersion = 10.0.40219.1
Project("{9A19103F-16F7-4668-BE54-9A1E7A4F7556}") = "AWSLambdaPGPDocker", "AWSLambdaPGPDocker\AWSLambdaPGPDocker.csproj", "{986EA5C7-6BDD-4AF5-BBB8-C2E9EB0954BB}"
EndProject
Global
	GlobalSection(SolutionConfigurationPlatforms) = preSolution
		Debug|Any CPU = Debug|Any CPU
		Release|Any CPU = Release|Any CPU
	EndGlobalSection
	GlobalSection(ProjectConfigurationPlatforms) = postSolution
		{986EA5C7-6BDD-4AF5-BBB8-C2E9EB0954BB}.Debug|Any CPU.ActiveCfg = Debug|Any CPU
		{986EA5C7-6BDD-4AF5-BBB8-C2E9EB0954BB}.Debug|Any CPU.Build.0 = Debug|Any CPU
		{986EA5C7-6BDD-4AF5-BBB8-C2E9EB0954BB}.Release|Any CPU.ActiveCfg = Release|Any CPU
		{986EA5C7-6BDD-4AF5-BBB8-C2E9EB0954BB}.Release|Any CPU.Build.0 = Release|Any CPU
	EndGlobalSection
	GlobalSection(SolutionProperties) = preSolution
		HideSolutionNode = FALSE
	EndGlobalSection
	GlobalSection(ExtensibilityGlobals) = postSolution
		SolutionGuid = {EE4F6945-A7E0-4ED5-9077-2674208646D4}
	EndGlobalSection
EndGlobal
